// !$*UTF8*$!
{
	archiveVersion = 1;
	classes = {
	};
	objectVersion = 48;
	objects = {

/* Begin PBXBuildFile section */
		3704503C2026D54B004FECBD /* TableViewController.swift in Sources */ = {isa = PBXBuildFile; fileRef = 3704503B2026D54B004FECBD /* TableViewController.swift */; };
		3704503E2026E6B7004FECBD /* TableViewCell.swift in Sources */ = {isa = PBXBuildFile; fileRef = 3704503D2026E6B7004FECBD /* TableViewCell.swift */; };
		370F183C20479DFD00EA0ADA /* Favorites+CoreDataClass.swift in Sources */ = {isa = PBXBuildFile; fileRef = 370F183A20479DFD00EA0ADA /* Favorites+CoreDataClass.swift */; };
		370F183D20479DFD00EA0ADA /* Favorites+CoreDataProperties.swift in Sources */ = {isa = PBXBuildFile; fileRef = 370F183B20479DFD00EA0ADA /* Favorites+CoreDataProperties.swift */; };
		372E21F8201420FC0084C3B2 /* CoreDataStack.swift in Sources */ = {isa = PBXBuildFile; fileRef = 372E21F7201420FC0084C3B2 /* CoreDataStack.swift */; };
		3771FE9B20127CBF0001E075 /* YelpConvenience.swift in Sources */ = {isa = PBXBuildFile; fileRef = 3771FE9A20127CBF0001E075 /* YelpConvenience.swift */; };
		37B5215F201AF836004393ED /* Location.swift in Sources */ = {isa = PBXBuildFile; fileRef = 37B5215E201AF836004393ED /* Location.swift */; };
		37D3E2BE1FFF35DC0058CE97 /* AppDelegate.swift in Sources */ = {isa = PBXBuildFile; fileRef = 37D3E2BD1FFF35DC0058CE97 /* AppDelegate.swift */; };
		37D3E2C01FFF35DC0058CE97 /* HomeViewController.swift in Sources */ = {isa = PBXBuildFile; fileRef = 37D3E2BF1FFF35DC0058CE97 /* HomeViewController.swift */; };
		37D3E2C31FFF35DC0058CE97 /* Main.storyboard in Resources */ = {isa = PBXBuildFile; fileRef = 37D3E2C11FFF35DC0058CE97 /* Main.storyboard */; };
		37D3E2C51FFF35DC0058CE97 /* Assets.xcassets in Resources */ = {isa = PBXBuildFile; fileRef = 37D3E2C41FFF35DC0058CE97 /* Assets.xcassets */; };
		37D3E2C81FFF35DC0058CE97 /* LaunchScreen.storyboard in Resources */ = {isa = PBXBuildFile; fileRef = 37D3E2C61FFF35DC0058CE97 /* LaunchScreen.storyboard */; };
		37D3E2D020006A930058CE97 /* GCDSwift.swift in Sources */ = {isa = PBXBuildFile; fileRef = 37D3E2CF20006A930058CE97 /* GCDSwift.swift */; };
		37D3E2D2200099270058CE97 /* MapViewController.swift in Sources */ = {isa = PBXBuildFile; fileRef = 37D3E2D1200099270058CE97 /* MapViewController.swift */; };
		37D3E2D42000A0EE0058CE97 /* YelpClient.swift in Sources */ = {isa = PBXBuildFile; fileRef = 37D3E2D32000A0EE0058CE97 /* YelpClient.swift */; };
		37D3E2D620015BAF0058CE97 /* YelpConstants.swift in Sources */ = {isa = PBXBuildFile; fileRef = 37D3E2D520015BAF0058CE97 /* YelpConstants.swift */; };
		37E8231F202FAA880054A75D /* MapCenter.swift in Sources */ = {isa = PBXBuildFile; fileRef = 37E8231E202FAA880054A75D /* MapCenter.swift */; };
		37E82339203273E40054A75D /* FavoritesViewController.swift in Sources */ = {isa = PBXBuildFile; fileRef = 37E82338203273E40054A75D /* FavoritesViewController.swift */; };
		37E8233B203276F90054A75D /* FavoritesTableViewCell.swift in Sources */ = {isa = PBXBuildFile; fileRef = 37E8233A203276F90054A75D /* FavoritesTableViewCell.swift */; };
		37E8234E2032AB6C0054A75D /* Model.xcdatamodeld in Sources */ = {isa = PBXBuildFile; fileRef = 37E8234C2032AB6C0054A75D /* Model.xcdatamodeld */; };
		B1C3B8922047D72B008A86E6 /* Common.swift in Sources */ = {isa = PBXBuildFile; fileRef = B1C3B8912047D72B008A86E6 /* Common.swift */; };
/* End PBXBuildFile section */

/* Begin PBXFileReference section */
		3704503B2026D54B004FECBD /* TableViewController.swift */ = {isa = PBXFileReference; lastKnownFileType = sourcecode.swift; path = TableViewController.swift; sourceTree = "<group>"; };
		3704503D2026E6B7004FECBD /* TableViewCell.swift */ = {isa = PBXFileReference; lastKnownFileType = sourcecode.swift; path = TableViewCell.swift; sourceTree = "<group>"; };
		370F183920479B4900EA0ADA /* Model_02-28-18.Image.IsOpenNow.xcdatamodel */ = {isa = PBXFileReference; lastKnownFileType = wrapper.xcdatamodel; path = "Model_02-28-18.Image.IsOpenNow.xcdatamodel"; sourceTree = "<group>"; };
		370F183A20479DFD00EA0ADA /* Favorites+CoreDataClass.swift */ = {isa = PBXFileReference; lastKnownFileType = sourcecode.swift; path = "Favorites+CoreDataClass.swift"; sourceTree = "<group>"; };
		370F183B20479DFD00EA0ADA /* Favorites+CoreDataProperties.swift */ = {isa = PBXFileReference; lastKnownFileType = sourcecode.swift; path = "Favorites+CoreDataProperties.swift"; sourceTree = "<group>"; };
		372E21F7201420FC0084C3B2 /* CoreDataStack.swift */ = {isa = PBXFileReference; lastKnownFileType = sourcecode.swift; path = CoreDataStack.swift; sourceTree = "<group>"; };
		3771FE9A20127CBF0001E075 /* YelpConvenience.swift */ = {isa = PBXFileReference; lastKnownFileType = sourcecode.swift; path = YelpConvenience.swift; sourceTree = "<group>"; };
		37B5215E201AF836004393ED /* Location.swift */ = {isa = PBXFileReference; lastKnownFileType = sourcecode.swift; path = Location.swift; sourceTree = "<group>"; };
		37D3E2BA1FFF35DC0058CE97 /* MartiniFinder.app */ = {isa = PBXFileReference; explicitFileType = wrapper.application; includeInIndex = 0; path = MartiniFinder.app; sourceTree = BUILT_PRODUCTS_DIR; };
		37D3E2BD1FFF35DC0058CE97 /* AppDelegate.swift */ = {isa = PBXFileReference; lastKnownFileType = sourcecode.swift; path = AppDelegate.swift; sourceTree = "<group>"; };
		37D3E2BF1FFF35DC0058CE97 /* HomeViewController.swift */ = {isa = PBXFileReference; lastKnownFileType = sourcecode.swift; path = HomeViewController.swift; sourceTree = "<group>"; };
		37D3E2C21FFF35DC0058CE97 /* Base */ = {isa = PBXFileReference; lastKnownFileType = file.storyboard; name = Base; path = Base.lproj/Main.storyboard; sourceTree = "<group>"; };
		37D3E2C41FFF35DC0058CE97 /* Assets.xcassets */ = {isa = PBXFileReference; lastKnownFileType = folder.assetcatalog; path = Assets.xcassets; sourceTree = "<group>"; };
		37D3E2C71FFF35DC0058CE97 /* Base */ = {isa = PBXFileReference; lastKnownFileType = file.storyboard; name = Base; path = Base.lproj/LaunchScreen.storyboard; sourceTree = "<group>"; };
		37D3E2C91FFF35DC0058CE97 /* Info.plist */ = {isa = PBXFileReference; lastKnownFileType = text.plist.xml; path = Info.plist; sourceTree = "<group>"; };
		37D3E2CF20006A930058CE97 /* GCDSwift.swift */ = {isa = PBXFileReference; lastKnownFileType = sourcecode.swift; path = GCDSwift.swift; sourceTree = "<group>"; };
		37D3E2D1200099270058CE97 /* MapViewController.swift */ = {isa = PBXFileReference; lastKnownFileType = sourcecode.swift; path = MapViewController.swift; sourceTree = "<group>"; };
		37D3E2D32000A0EE0058CE97 /* YelpClient.swift */ = {isa = PBXFileReference; lastKnownFileType = sourcecode.swift; path = YelpClient.swift; sourceTree = "<group>"; };
		37D3E2D520015BAF0058CE97 /* YelpConstants.swift */ = {isa = PBXFileReference; lastKnownFileType = sourcecode.swift; path = YelpConstants.swift; sourceTree = "<group>"; };
		37E8231E202FAA880054A75D /* MapCenter.swift */ = {isa = PBXFileReference; lastKnownFileType = sourcecode.swift; path = MapCenter.swift; sourceTree = "<group>"; };
		37E82338203273E40054A75D /* FavoritesViewController.swift */ = {isa = PBXFileReference; lastKnownFileType = sourcecode.swift; path = FavoritesViewController.swift; sourceTree = "<group>"; };
		37E8233A203276F90054A75D /* FavoritesTableViewCell.swift */ = {isa = PBXFileReference; lastKnownFileType = sourcecode.swift; path = FavoritesTableViewCell.swift; sourceTree = "<group>"; };
		37E8234D2032AB6C0054A75D /* Model.xcdatamodel */ = {isa = PBXFileReference; lastKnownFileType = wrapper.xcdatamodel; path = Model.xcdatamodel; sourceTree = "<group>"; };
		B1C3B8912047D72B008A86E6 /* Common.swift */ = {isa = PBXFileReference; lastKnownFileType = sourcecode.swift; path = Common.swift; sourceTree = "<group>"; };
/* End PBXFileReference section */

/* Begin PBXFrameworksBuildPhase section */
		37D3E2B71FFF35DC0058CE97 /* Frameworks */ = {
			isa = PBXFrameworksBuildPhase;
			buildActionMask = 2147483647;
			files = (
			);
			runOnlyForDeploymentPostprocessing = 0;
		};
/* End PBXFrameworksBuildPhase section */

/* Begin PBXGroup section */
		370F183E2047B5A200EA0ADA /* Structs */ = {
			isa = PBXGroup;
			children = (
				37B5215E201AF836004393ED /* Location.swift */,
				37E8231E202FAA880054A75D /* MapCenter.swift */,
			);
			path = Structs;
			sourceTree = "<group>";
		};
		370F183F2047B5C100EA0ADA /* Controllers */ = {
			isa = PBXGroup;
			children = (
				37D3E2BF1FFF35DC0058CE97 /* HomeViewController.swift */,
				37D3E2D1200099270058CE97 /* MapViewController.swift */,
				3704503B2026D54B004FECBD /* TableViewController.swift */,
				3704503D2026E6B7004FECBD /* TableViewCell.swift */,
				37E82338203273E40054A75D /* FavoritesViewController.swift */,
				37E8233A203276F90054A75D /* FavoritesTableViewCell.swift */,
			);
			path = Controllers;
			sourceTree = "<group>";
		};
		3771FE9C20127CC40001E075 /* Client */ = {
			isa = PBXGroup;
			children = (
				37D3E2D520015BAF0058CE97 /* YelpConstants.swift */,
				37D3E2D32000A0EE0058CE97 /* YelpClient.swift */,
				3771FE9A20127CBF0001E075 /* YelpConvenience.swift */,
			);
			path = Client;
			sourceTree = "<group>";
		};
		37B52155201AC51A004393ED /* Model */ = {
			isa = PBXGroup;
			children = (
				372E21F7201420FC0084C3B2 /* CoreDataStack.swift */,
				37E8234C2032AB6C0054A75D /* Model.xcdatamodeld */,
				370F183A20479DFD00EA0ADA /* Favorites+CoreDataClass.swift */,
				370F183B20479DFD00EA0ADA /* Favorites+CoreDataProperties.swift */,
			);
			path = Model;
			sourceTree = "<group>";
		};
		37D3E2B11FFF35DC0058CE97 = {
			isa = PBXGroup;
			children = (
				37D3E2BC1FFF35DC0058CE97 /* MartiniFinder */,
				37D3E2BB1FFF35DC0058CE97 /* Products */,
			);
			sourceTree = "<group>";
		};
		37D3E2BB1FFF35DC0058CE97 /* Products */ = {
			isa = PBXGroup;
			children = (
				37D3E2BA1FFF35DC0058CE97 /* MartiniFinder.app */,
			);
			name = Products;
			sourceTree = "<group>";
		};
		37D3E2BC1FFF35DC0058CE97 /* MartiniFinder */ = {
			isa = PBXGroup;
			children = (
				37D3E2C11FFF35DC0058CE97 /* Main.storyboard */,
				37D3E2BD1FFF35DC0058CE97 /* AppDelegate.swift */,
				37D3E2CF20006A930058CE97 /* GCDSwift.swift */,
				B1C3B8902047D721008A86E6 /* Common */,
				370F183E2047B5A200EA0ADA /* Structs */,
				37B52155201AC51A004393ED /* Model */,
				3771FE9C20127CC40001E075 /* Client */,
				370F183F2047B5C100EA0ADA /* Controllers */,
				37D3E2C41FFF35DC0058CE97 /* Assets.xcassets */,
				37D3E2C61FFF35DC0058CE97 /* LaunchScreen.storyboard */,
				37D3E2C91FFF35DC0058CE97 /* Info.plist */,
			);
			path = MartiniFinder;
			sourceTree = "<group>";
		};
		B1C3B8902047D721008A86E6 /* Common */ = {
			isa = PBXGroup;
			children = (
				B1C3B8912047D72B008A86E6 /* Common.swift */,
			);
			path = Common;
			sourceTree = "<group>";
		};
/* End PBXGroup section */

/* Begin PBXNativeTarget section */
		37D3E2B91FFF35DC0058CE97 /* MartiniFinder */ = {
			isa = PBXNativeTarget;
			buildConfigurationList = 37D3E2CC1FFF35DC0058CE97 /* Build configuration list for PBXNativeTarget "MartiniFinder" */;
			buildPhases = (
				37D3E2B61FFF35DC0058CE97 /* Sources */,
				37D3E2B71FFF35DC0058CE97 /* Frameworks */,
				37D3E2B81FFF35DC0058CE97 /* Resources */,
			);
			buildRules = (
			);
			dependencies = (
			);
			name = MartiniFinder;
			productName = MartiniFinder;
			productReference = 37D3E2BA1FFF35DC0058CE97 /* MartiniFinder.app */;
			productType = "com.apple.product-type.application";
		};
/* End PBXNativeTarget section */

/* Begin PBXProject section */
		37D3E2B21FFF35DC0058CE97 /* Project object */ = {
			isa = PBXProject;
			attributes = {
				LastSwiftUpdateCheck = 0910;
				LastUpgradeCheck = 0910;
				ORGANIZATIONNAME = "Tomas Sidenfaden";
				TargetAttributes = {
					37D3E2B91FFF35DC0058CE97 = {
						CreatedOnToolsVersion = 9.1;
						ProvisioningStyle = Automatic;
					};
				};
			};
			buildConfigurationList = 37D3E2B51FFF35DC0058CE97 /* Build configuration list for PBXProject "MartiniFinder" */;
			compatibilityVersion = "Xcode 8.0";
			developmentRegion = en;
			hasScannedForEncodings = 0;
			knownRegions = (
				en,
				Base,
			);
			mainGroup = 37D3E2B11FFF35DC0058CE97;
			productRefGroup = 37D3E2BB1FFF35DC0058CE97 /* Products */;
			projectDirPath = "";
			projectRoot = "";
			targets = (
				37D3E2B91FFF35DC0058CE97 /* MartiniFinder */,
			);
		};
/* End PBXProject section */

/* Begin PBXResourcesBuildPhase section */
		37D3E2B81FFF35DC0058CE97 /* Resources */ = {
			isa = PBXResourcesBuildPhase;
			buildActionMask = 2147483647;
			files = (
				37D3E2C81FFF35DC0058CE97 /* LaunchScreen.storyboard in Resources */,
				37D3E2C51FFF35DC0058CE97 /* Assets.xcassets in Resources */,
				37D3E2C31FFF35DC0058CE97 /* Main.storyboard in Resources */,
			);
			runOnlyForDeploymentPostprocessing = 0;
		};
/* End PBXResourcesBuildPhase section */

/* Begin PBXSourcesBuildPhase section */
		37D3E2B61FFF35DC0058CE97 /* Sources */ = {
			isa = PBXSourcesBuildPhase;
			buildActionMask = 2147483647;
			files = (
				37D3E2D42000A0EE0058CE97 /* YelpClient.swift in Sources */,
				3704503C2026D54B004FECBD /* TableViewController.swift in Sources */,
				37E8234E2032AB6C0054A75D /* Model.xcdatamodeld in Sources */,
				370F183C20479DFD00EA0ADA /* Favorites+CoreDataClass.swift in Sources */,
				B1C3B8922047D72B008A86E6 /* Common.swift in Sources */,
				37D3E2C01FFF35DC0058CE97 /* HomeViewController.swift in Sources */,
				37E8231F202FAA880054A75D /* MapCenter.swift in Sources */,
				372E21F8201420FC0084C3B2 /* CoreDataStack.swift in Sources */,
				3704503E2026E6B7004FECBD /* TableViewCell.swift in Sources */,
				3771FE9B20127CBF0001E075 /* YelpConvenience.swift in Sources */,
				370F183D20479DFD00EA0ADA /* Favorites+CoreDataProperties.swift in Sources */,
				37D3E2D020006A930058CE97 /* GCDSwift.swift in Sources */,
				37E82339203273E40054A75D /* FavoritesViewController.swift in Sources */,
				37D3E2D620015BAF0058CE97 /* YelpConstants.swift in Sources */,
				37D3E2BE1FFF35DC0058CE97 /* AppDelegate.swift in Sources */,
				37E8233B203276F90054A75D /* FavoritesTableViewCell.swift in Sources */,
				37B5215F201AF836004393ED /* Location.swift in Sources */,
				37D3E2D2200099270058CE97 /* MapViewController.swift in Sources */,
			);
			runOnlyForDeploymentPostprocessing = 0;
		};
/* End PBXSourcesBuildPhase section */

/* Begin PBXVariantGroup section */
		37D3E2C11FFF35DC0058CE97 /* Main.storyboard */ = {
			isa = PBXVariantGroup;
			children = (
				37D3E2C21FFF35DC0058CE97 /* Base */,
			);
			name = Main.storyboard;
			sourceTree = "<group>";
		};
		37D3E2C61FFF35DC0058CE97 /* LaunchScreen.storyboard */ = {
			isa = PBXVariantGroup;
			children = (
				37D3E2C71FFF35DC0058CE97 /* Base */,
			);
			name = LaunchScreen.storyboard;
			sourceTree = "<group>";
		};
/* End PBXVariantGroup section */

/* Begin XCBuildConfiguration section */
		37D3E2CA1FFF35DC0058CE97 /* Debug */ = {
			isa = XCBuildConfiguration;
			buildSettings = {
				ALWAYS_SEARCH_USER_PATHS = NO;
				CLANG_ANALYZER_NONNULL = YES;
				CLANG_ANALYZER_NUMBER_OBJECT_CONVERSION = YES_AGGRESSIVE;
				CLANG_CXX_LANGUAGE_STANDARD = "gnu++14";
				CLANG_CXX_LIBRARY = "libc++";
				CLANG_ENABLE_MODULES = YES;
				CLANG_ENABLE_OBJC_ARC = YES;
				CLANG_WARN_BLOCK_CAPTURE_AUTORELEASING = YES;
				CLANG_WARN_BOOL_CONVERSION = YES;
				CLANG_WARN_COMMA = YES;
				CLANG_WARN_CONSTANT_CONVERSION = YES;
				CLANG_WARN_DIRECT_OBJC_ISA_USAGE = YES_ERROR;
				CLANG_WARN_DOCUMENTATION_COMMENTS = YES;
				CLANG_WARN_EMPTY_BODY = YES;
				CLANG_WARN_ENUM_CONVERSION = YES;
				CLANG_WARN_INFINITE_RECURSION = YES;
				CLANG_WARN_INT_CONVERSION = YES;
				CLANG_WARN_NON_LITERAL_NULL_CONVERSION = YES;
				CLANG_WARN_OBJC_LITERAL_CONVERSION = YES;
				CLANG_WARN_OBJC_ROOT_CLASS = YES_ERROR;
				CLANG_WARN_RANGE_LOOP_ANALYSIS = YES;
				CLANG_WARN_STRICT_PROTOTYPES = YES;
				CLANG_WARN_SUSPICIOUS_MOVE = YES;
				CLANG_WARN_UNGUARDED_AVAILABILITY = YES_AGGRESSIVE;
				CLANG_WARN_UNREACHABLE_CODE = YES;
				CLANG_WARN__DUPLICATE_METHOD_MATCH = YES;
				CODE_SIGN_IDENTITY = "iPhone Developer";
				COPY_PHASE_STRIP = NO;
				DEBUG_INFORMATION_FORMAT = dwarf;
				ENABLE_STRICT_OBJC_MSGSEND = YES;
				ENABLE_TESTABILITY = YES;
				GCC_C_LANGUAGE_STANDARD = gnu11;
				GCC_DYNAMIC_NO_PIC = NO;
				GCC_NO_COMMON_BLOCKS = YES;
				GCC_OPTIMIZATION_LEVEL = 0;
				GCC_PREPROCESSOR_DEFINITIONS = (
					"DEBUG=1",
					"$(inherited)",
				);
				GCC_WARN_64_TO_32_BIT_CONVERSION = YES;
				GCC_WARN_ABOUT_RETURN_TYPE = YES_ERROR;
				GCC_WARN_UNDECLARED_SELECTOR = YES;
				GCC_WARN_UNINITIALIZED_AUTOS = YES_AGGRESSIVE;
				GCC_WARN_UNUSED_FUNCTION = YES;
				GCC_WARN_UNUSED_VARIABLE = YES;
				IPHONEOS_DEPLOYMENT_TARGET = 10.0;
				MTL_ENABLE_DEBUG_INFO = YES;
				ONLY_ACTIVE_ARCH = YES;
				SDKROOT = iphoneos;
				SWIFT_ACTIVE_COMPILATION_CONDITIONS = DEBUG;
				SWIFT_OPTIMIZATION_LEVEL = "-Onone";
			};
			name = Debug;
		};
		37D3E2CB1FFF35DC0058CE97 /* Release */ = {
			isa = XCBuildConfiguration;
			buildSettings = {
				ALWAYS_SEARCH_USER_PATHS = NO;
				CLANG_ANALYZER_NONNULL = YES;
				CLANG_ANALYZER_NUMBER_OBJECT_CONVERSION = YES_AGGRESSIVE;
				CLANG_CXX_LANGUAGE_STANDARD = "gnu++14";
				CLANG_CXX_LIBRARY = "libc++";
				CLANG_ENABLE_MODULES = YES;
				CLANG_ENABLE_OBJC_ARC = YES;
				CLANG_WARN_BLOCK_CAPTURE_AUTORELEASING = YES;
				CLANG_WARN_BOOL_CONVERSION = YES;
				CLANG_WARN_COMMA = YES;
				CLANG_WARN_CONSTANT_CONVERSION = YES;
				CLANG_WARN_DIRECT_OBJC_ISA_USAGE = YES_ERROR;
				CLANG_WARN_DOCUMENTATION_COMMENTS = YES;
				CLANG_WARN_EMPTY_BODY = YES;
				CLANG_WARN_ENUM_CONVERSION = YES;
				CLANG_WARN_INFINITE_RECURSION = YES;
				CLANG_WARN_INT_CONVERSION = YES;
				CLANG_WARN_NON_LITERAL_NULL_CONVERSION = YES;
				CLANG_WARN_OBJC_LITERAL_CONVERSION = YES;
				CLANG_WARN_OBJC_ROOT_CLASS = YES_ERROR;
				CLANG_WARN_RANGE_LOOP_ANALYSIS = YES;
				CLANG_WARN_STRICT_PROTOTYPES = YES;
				CLANG_WARN_SUSPICIOUS_MOVE = YES;
				CLANG_WARN_UNGUARDED_AVAILABILITY = YES_AGGRESSIVE;
				CLANG_WARN_UNREACHABLE_CODE = YES;
				CLANG_WARN__DUPLICATE_METHOD_MATCH = YES;
				CODE_SIGN_IDENTITY = "iPhone Developer";
				COPY_PHASE_STRIP = NO;
				DEBUG_INFORMATION_FORMAT = "dwarf-with-dsym";
				ENABLE_NS_ASSERTIONS = NO;
				ENABLE_STRICT_OBJC_MSGSEND = YES;
				GCC_C_LANGUAGE_STANDARD = gnu11;
				GCC_NO_COMMON_BLOCKS = YES;
				GCC_WARN_64_TO_32_BIT_CONVERSION = YES;
				GCC_WARN_ABOUT_RETURN_TYPE = YES_ERROR;
				GCC_WARN_UNDECLARED_SELECTOR = YES;
				GCC_WARN_UNINITIALIZED_AUTOS = YES_AGGRESSIVE;
				GCC_WARN_UNUSED_FUNCTION = YES;
				GCC_WARN_UNUSED_VARIABLE = YES;
				IPHONEOS_DEPLOYMENT_TARGET = 10.0;
				MTL_ENABLE_DEBUG_INFO = NO;
				SDKROOT = iphoneos;
				SWIFT_OPTIMIZATION_LEVEL = "-Owholemodule";
				VALIDATE_PRODUCT = YES;
			};
			name = Release;
		};
		37D3E2CD1FFF35DC0058CE97 /* Debug */ = {
			isa = XCBuildConfiguration;
			buildSettings = {
				ASSETCATALOG_COMPILER_APPICON_NAME = AppIcon;
				"CODE_SIGN_IDENTITY[sdk=iphoneos*]" = "iPhone Developer";
				CODE_SIGN_STYLE = Automatic;
				DEVELOPMENT_TEAM = 7Q9W2X5558;
				INFOPLIST_FILE = MartiniFinder/Info.plist;
				LD_RUNPATH_SEARCH_PATHS = "$(inherited) @executable_path/Frameworks";
				PRODUCT_BUNDLE_IDENTIFIER = Com.hogotron.MartiniFinder;
				PRODUCT_NAME = "$(TARGET_NAME)";
				PROVISIONING_PROFILE_SPECIFIER = "";
				SWIFT_VERSION = 4.0;
				TARGETED_DEVICE_FAMILY = "1,2";
			};
			name = Debug;
		};
		37D3E2CE1FFF35DC0058CE97 /* Release */ = {
			isa = XCBuildConfiguration;
			buildSettings = {
				ASSETCATALOG_COMPILER_APPICON_NAME = AppIcon;
				"CODE_SIGN_IDENTITY[sdk=iphoneos*]" = "iPhone Developer";
				CODE_SIGN_STYLE = Automatic;
				DEVELOPMENT_TEAM = 7Q9W2X5558;
				INFOPLIST_FILE = MartiniFinder/Info.plist;
				LD_RUNPATH_SEARCH_PATHS = "$(inherited) @executable_path/Frameworks";
				PRODUCT_BUNDLE_IDENTIFIER = Com.hogotron.MartiniFinder;
				PRODUCT_NAME = "$(TARGET_NAME)";
				PROVISIONING_PROFILE_SPECIFIER = "";
				SWIFT_VERSION = 4.0;
				TARGETED_DEVICE_FAMILY = "1,2";
			};
			name = Release;
		};
/* End XCBuildConfiguration section */

/* Begin XCConfigurationList section */
		37D3E2B51FFF35DC0058CE97 /* Build configuration list for PBXProject "MartiniFinder" */ = {
			isa = XCConfigurationList;
			buildConfigurations = (
				37D3E2CA1FFF35DC0058CE97 /* Debug */,
				37D3E2CB1FFF35DC0058CE97 /* Release */,
			);
			defaultConfigurationIsVisible = 0;
			defaultConfigurationName = Release;
		};
		37D3E2CC1FFF35DC0058CE97 /* Build configuration list for PBXNativeTarget "MartiniFinder" */ = {
			isa = XCConfigurationList;
			buildConfigurations = (
				37D3E2CD1FFF35DC0058CE97 /* Debug */,
				37D3E2CE1FFF35DC0058CE97 /* Release */,
			);
			defaultConfigurationIsVisible = 0;
			defaultConfigurationName = Release;
		};
/* End XCConfigurationList section */

/* Begin XCVersionGroup section */
		37E8234C2032AB6C0054A75D /* Model.xcdatamodeld */ = {
			isa = XCVersionGroup;
			children = (
				370F183920479B4900EA0ADA /* Model_02-28-18.Image.IsOpenNow.xcdatamodel */,
				37E8234D2032AB6C0054A75D /* Model.xcdatamodel */,
			);
			currentVersion = 370F183920479B4900EA0ADA /* Model_02-28-18.Image.IsOpenNow.xcdatamodel */;
			path = Model.xcdatamodeld;
			sourceTree = "<group>";
			versionGroupType = wrapper.xcdatamodel;
		};
/* End XCVersionGroup section */
	};
	rootObject = 37D3E2B21FFF35DC0058CE97 /* Project object */;
}
